
Microsoft Visual Studio Solution File, Format Version 12.00
# Visual Studio Version 17
VisualStudioVersion = 17.13.35806.99
MinimumVisualStudioVersion = 10.0.40219.1
Project("{FAE04EC0-301F-11D3-BF4B-00C04F79EFBC}") = "HC.TechnicalCalculators", "HC.TechnicalCalculators\HC.TechnicalCalculators.csproj", "{1976D31B-B2CD-4C1D-98DE-A20B7F5324D3}"
EndProject
Project("{FAE04EC0-301F-11D3-BF4B-00C04F79EFBC}") = "HC.TechnicalCalculators.Tests", "HC.TechnicalCalculators.Tests\HC.TechnicalCalculators.Tests.csproj", "{50B51F64-DC94-4854-A24E-F96A8C1189BE}"
EndProject
Project("{2150E333-8FDC-42A3-9474-1A3956D46DE8}") = "Solution Items", "Solution Items", "{8EC462FD-D22E-90A8-E5CE-7E832BA40C5D}"
	ProjectSection(SolutionItems) = preProject
		Build\Build.yml = Build\Build.yml
		Build\prbuild.yml = Build\prbuild.yml
	EndProjectSection
EndProject
Project("{2150E333-8FDC-42A3-9474-1A3956D46DE8}") = "Documentation", "Documentation", "{02EA681E-C7D8-13C7-8484-4AC65E1B71E8}"
EndProject
Global
	GlobalSection(SolutionConfigurationPlatforms) = preSolution
		Debug|Any CPU = Debug|Any CPU
		Release|Any CPU = Release|Any CPU
	EndGlobalSection
	GlobalSection(ProjectConfigurationPlatforms) = postSolution
		{1976D31B-B2CD-4C1D-98DE-A20B7F5324D3}.Debug|Any CPU.ActiveCfg = Debug|Any CPU
		{1976D31B-B2CD-4C1D-98DE-A20B7F5324D3}.Debug|Any CPU.Build.0 = Debug|Any CPU
		{1976D31B-B2CD-4C1D-98DE-A20B7F5324D3}.Release|Any CPU.ActiveCfg = Release|Any CPU
		{1976D31B-B2CD-4C1D-98DE-A20B7F5324D3}.Release|Any CPU.Build.0 = Release|Any CPU
		{50B51F64-DC94-4854-A24E-F96A8C1189BE}.Debug|Any CPU.ActiveCfg = Debug|Any CPU
		{50B51F64-DC94-4854-A24E-F96A8C1189BE}.Debug|Any CPU.Build.0 = Debug|Any CPU
		{50B51F64-DC94-4854-A24E-F96A8C1189BE}.Release|Any CPU.ActiveCfg = Release|Any CPU
		{50B51F64-DC94-4854-A24E-F96A8C1189BE}.Release|Any CPU.Build.0 = Release|Any CPU
	EndGlobalSection
	GlobalSection(SolutionProperties) = preSolution
		HideSolutionNode = FALSE
	EndGlobalSection
	GlobalSection(ExtensibilityGlobals) = postSolution
		SolutionGuid = {254CE3DC-7297-4325-8321-BE706E2DA7C2}
	EndGlobalSection
EndGlobal
